// !$*UTF8*$!
{
	archiveVersion = 1;
	classes = {
	};
	objectVersion = 50;
	objects = {

/* Begin PBXBuildFile section */
		D6609CD72297826000045971 /* AppDelegate.swift in Sources */ = {isa = PBXBuildFile; fileRef = D6609CD62297826000045971 /* AppDelegate.swift */; };
		D6609CDC2297826000045971 /* Main.storyboard in Resources */ = {isa = PBXBuildFile; fileRef = D6609CDA2297826000045971 /* Main.storyboard */; };
		D6609CDE2297826100045971 /* Assets.xcassets in Resources */ = {isa = PBXBuildFile; fileRef = D6609CDD2297826100045971 /* Assets.xcassets */; };
		D6609CE12297826100045971 /* LaunchScreen.storyboard in Resources */ = {isa = PBXBuildFile; fileRef = D6609CDF2297826100045971 /* LaunchScreen.storyboard */; };
		D6609CE92297848000045971 /* StarWarsSearchTableViewController.swift in Sources */ = {isa = PBXBuildFile; fileRef = D6609CE82297848000045971 /* StarWarsSearchTableViewController.swift */; };
		D6609CF1229785C200045971 /* PersonTableViewCell.swift in Sources */ = {isa = PBXBuildFile; fileRef = D6609CF0229785C200045971 /* PersonTableViewCell.swift */; };
		D6609CF3229786F100045971 /* Person.swift in Sources */ = {isa = PBXBuildFile; fileRef = D6609CF2229786F100045971 /* Person.swift */; };
		D6609CF52297871400045971 /* PersonController.swift in Sources */ = {isa = PBXBuildFile; fileRef = D6609CF42297871400045971 /* PersonController.swift */; };
/* End PBXBuildFile section */

/* Begin PBXFileReference section */
		D6609CD32297826000045971 /* StarWarsSearch.app */ = {isa = PBXFileReference; explicitFileType = wrapper.application; includeInIndex = 0; path = StarWarsSearch.app; sourceTree = BUILT_PRODUCTS_DIR; };
		D6609CD62297826000045971 /* AppDelegate.swift */ = {isa = PBXFileReference; lastKnownFileType = sourcecode.swift; path = AppDelegate.swift; sourceTree = "<group>"; };
		D6609CDB2297826000045971 /* Base */ = {isa = PBXFileReference; lastKnownFileType = file.storyboard; name = Base; path = Base.lproj/Main.storyboard; sourceTree = "<group>"; };
		D6609CDD2297826100045971 /* Assets.xcassets */ = {isa = PBXFileReference; lastKnownFileType = folder.assetcatalog; path = Assets.xcassets; sourceTree = "<group>"; };
		D6609CE02297826100045971 /* Base */ = {isa = PBXFileReference; lastKnownFileType = file.storyboard; name = Base; path = Base.lproj/LaunchScreen.storyboard; sourceTree = "<group>"; };
		D6609CE22297826100045971 /* Info.plist */ = {isa = PBXFileReference; lastKnownFileType = text.plist.xml; path = Info.plist; sourceTree = "<group>"; };
		D6609CE82297848000045971 /* StarWarsSearchTableViewController.swift */ = {isa = PBXFileReference; lastKnownFileType = sourcecode.swift; path = StarWarsSearchTableViewController.swift; sourceTree = "<group>"; };
		D6609CF0229785C200045971 /* PersonTableViewCell.swift */ = {isa = PBXFileReference; lastKnownFileType = sourcecode.swift; path = PersonTableViewCell.swift; sourceTree = "<group>"; };
		D6609CF2229786F100045971 /* Person.swift */ = {isa = PBXFileReference; lastKnownFileType = sourcecode.swift; path = Person.swift; sourceTree = "<group>"; };
		D6609CF42297871400045971 /* PersonController.swift */ = {isa = PBXFileReference; lastKnownFileType = sourcecode.swift; path = PersonController.swift; sourceTree = "<group>"; };
/* End PBXFileReference section */

/* Begin PBXFrameworksBuildPhase section */
		D6609CD02297826000045971 /* Frameworks */ = {
			isa = PBXFrameworksBuildPhase;
			buildActionMask = 2147483647;
			files = (
			);
			runOnlyForDeploymentPostprocessing = 0;
		};
/* End PBXFrameworksBuildPhase section */

/* Begin PBXGroup section */
		D6609CCA2297826000045971 = {
			isa = PBXGroup;
			children = (
				D6609CD52297826000045971 /* StarWarsSearch */,
				D6609CD42297826000045971 /* Products */,
			);
			sourceTree = "<group>";
		};
		D6609CD42297826000045971 /* Products */ = {
			isa = PBXGroup;
			children = (
				D6609CD32297826000045971 /* StarWarsSearch.app */,
			);
			name = Products;
			sourceTree = "<group>";
		};
		D6609CD52297826000045971 /* StarWarsSearch */ = {
			isa = PBXGroup;
			children = (
				D6609CED2297858400045971 /* Models */,
				D6609CEE2297859800045971 /* Model Controllers */,
				D6609CEF229785AE00045971 /* Views */,
				D6609CEA2297849400045971 /* View Controller */,
				D6609CEC229784ED00045971 /* Storyboards */,
				D6609CEB229784DB00045971 /* Resources */,
			);
			path = StarWarsSearch;
			sourceTree = "<group>";
		};
		D6609CEA2297849400045971 /* View Controller */ = {
			isa = PBXGroup;
			children = (
				D6609CE82297848000045971 /* StarWarsSearchTableViewController.swift */,
			);
			path = "View Controller";
			sourceTree = "<group>";
		};
		D6609CEB229784DB00045971 /* Resources */ = {
			isa = PBXGroup;
			children = (
				D6609CD62297826000045971 /* AppDelegate.swift */,
				D6609CDD2297826100045971 /* Assets.xcassets */,
				D6609CE22297826100045971 /* Info.plist */,
			);
			path = Resources;
			sourceTree = "<group>";
		};
		D6609CEC229784ED00045971 /* Storyboards */ = {
			isa = PBXGroup;
			children = (
				D6609CDA2297826000045971 /* Main.storyboard */,
				D6609CDF2297826100045971 /* LaunchScreen.storyboard */,
			);
			path = Storyboards;
			sourceTree = "<group>";
		};
		D6609CED2297858400045971 /* Models */ = {
			isa = PBXGroup;
			children = (
				D6609CF2229786F100045971 /* Person.swift */,
			);
			path = Models;
			sourceTree = "<group>";
		};
		D6609CEE2297859800045971 /* Model Controllers */ = {
			isa = PBXGroup;
			children = (
				D6609CF42297871400045971 /* PersonController.swift */,
			);
			name = "Model Controllers";
			path = Models;
			sourceTree = "<group>";
		};
		D6609CEF229785AE00045971 /* Views */ = {
			isa = PBXGroup;
			children = (
				D6609CF0229785C200045971 /* PersonTableViewCell.swift */,
			);
			path = Views;
			sourceTree = "<group>";
		};
/* End PBXGroup section */

/* Begin PBXNativeTarget section */
		D6609CD22297826000045971 /* StarWarsSearch */ = {
			isa = PBXNativeTarget;
			buildConfigurationList = D6609CE52297826100045971 /* Build configuration list for PBXNativeTarget "StarWarsSearch" */;
			buildPhases = (
				D6609CCF2297826000045971 /* Sources */,
				D6609CD02297826000045971 /* Frameworks */,
				D6609CD12297826000045971 /* Resources */,
			);
			buildRules = (
			);
			dependencies = (
			);
			name = StarWarsSearch;
			productName = StarWarsSearch;
			productReference = D6609CD32297826000045971 /* StarWarsSearch.app */;
			productType = "com.apple.product-type.application";
		};
/* End PBXNativeTarget section */

/* Begin PBXProject section */
		D6609CCB2297826000045971 /* Project object */ = {
			isa = PBXProject;
			attributes = {
				LastSwiftUpdateCheck = 1020;
				LastUpgradeCheck = 1020;
				ORGANIZATIONNAME = "Michael Stoffer";
				TargetAttributes = {
					D6609CD22297826000045971 = {
						CreatedOnToolsVersion = 10.2.1;
					};
				};
			};
			buildConfigurationList = D6609CCE2297826000045971 /* Build configuration list for PBXProject "StarWarsSearch" */;
			compatibilityVersion = "Xcode 9.3";
			developmentRegion = en;
			hasScannedForEncodings = 0;
			knownRegions = (
				en,
				Base,
			);
			mainGroup = D6609CCA2297826000045971;
			productRefGroup = D6609CD42297826000045971 /* Products */;
			projectDirPath = "";
			projectRoot = "";
			targets = (
				D6609CD22297826000045971 /* StarWarsSearch */,
			);
		};
/* End PBXProject section */

/* Begin PBXResourcesBuildPhase section */
		D6609CD12297826000045971 /* Resources */ = {
			isa = PBXResourcesBuildPhase;
			buildActionMask = 2147483647;
			files = (
				D6609CE12297826100045971 /* LaunchScreen.storyboard in Resources */,
				D6609CDE2297826100045971 /* Assets.xcassets in Resources */,
				D6609CDC2297826000045971 /* Main.storyboard in Resources */,
			);
			runOnlyForDeploymentPostprocessing = 0;
		};
/* End PBXResourcesBuildPhase section */

/* Begin PBXSourcesBuildPhase section */
		D6609CCF2297826000045971 /* Sources */ = {
			isa = PBXSourcesBuildPhase;
			buildActionMask = 2147483647;
			files = (
				D6609CF1229785C200045971 /* PersonTableViewCell.swift in Sources */,
				D6609CE92297848000045971 /* StarWarsSearchTableViewController.swift in Sources */,
				D6609CF3229786F100045971 /* Person.swift in Sources */,
				D6609CF52297871400045971 /* PersonController.swift in Sources */,
				D6609CD72297826000045971 /* AppDelegate.swift in Sources */,
			);
			runOnlyForDeploymentPostprocessing = 0;
		};
/* End PBXSourcesBuildPhase section */

/* Begin PBXVariantGroup section */
		D6609CDA2297826000045971 /* Main.storyboard */ = {
			isa = PBXVariantGroup;
			children = (
				D6609CDB2297826000045971 /* Base */,
			);
			name = Main.storyboard;
			sourceTree = "<group>";
		};
		D6609CDF2297826100045971 /* LaunchScreen.storyboard */ = {
			isa = PBXVariantGroup;
			children = (
				D6609CE02297826100045971 /* Base */,
			);
			name = LaunchScreen.storyboard;
			sourceTree = "<group>";
		};
/* End PBXVariantGroup section */

/* Begin XCBuildConfiguration section */
		D6609CE32297826100045971 /* Debug */ = {
			isa = XCBuildConfiguration;
			buildSettings = {
				ALWAYS_SEARCH_USER_PATHS = NO;
				CLANG_ANALYZER_NONNULL = YES;
				CLANG_ANALYZER_NUMBER_OBJECT_CONVERSION = YES_AGGRESSIVE;
				CLANG_CXX_LANGUAGE_STANDARD = "gnu++14";
				CLANG_CXX_LIBRARY = "libc++";
				CLANG_ENABLE_MODULES = YES;
				CLANG_ENABLE_OBJC_ARC = YES;
				CLANG_ENABLE_OBJC_WEAK = YES;
				CLANG_WARN_BLOCK_CAPTURE_AUTORELEASING = YES;
				CLANG_WARN_BOOL_CONVERSION = YES;
				CLANG_WARN_COMMA = YES;
				CLANG_WARN_CONSTANT_CONVERSION = YES;
				CLANG_WARN_DEPRECATED_OBJC_IMPLEMENTATIONS = YES;
				CLANG_WARN_DIRECT_OBJC_ISA_USAGE = YES_ERROR;
				CLANG_WARN_DOCUMENTATION_COMMENTS = YES;
				CLANG_WARN_EMPTY_BODY = YES;
				CLANG_WARN_ENUM_CONVERSION = YES;
				CLANG_WARN_INFINITE_RECURSION = YES;
				CLANG_WARN_INT_CONVERSION = YES;
				CLANG_WARN_NON_LITERAL_NULL_CONVERSION = YES;
				CLANG_WARN_OBJC_IMPLICIT_RETAIN_SELF = YES;
				CLANG_WARN_OBJC_LITERAL_CONVERSION = YES;
				CLANG_WARN_OBJC_ROOT_CLASS = YES_ERROR;
				CLANG_WARN_RANGE_LOOP_ANALYSIS = YES;
				CLANG_WARN_STRICT_PROTOTYPES = YES;
				CLANG_WARN_SUSPICIOUS_MOVE = YES;
				CLANG_WARN_UNGUARDED_AVAILABILITY = YES_AGGRESSIVE;
				CLANG_WARN_UNREACHABLE_CODE = YES;
				CLANG_WARN__DUPLICATE_METHOD_MATCH = YES;
				CODE_SIGN_IDENTITY = "iPhone Developer";
				COPY_PHASE_STRIP = NO;
				DEBUG_INFORMATION_FORMAT = dwarf;
				ENABLE_STRICT_OBJC_MSGSEND = YES;
				ENABLE_TESTABILITY = YES;
				GCC_C_LANGUAGE_STANDARD = gnu11;
				GCC_DYNAMIC_NO_PIC = NO;
				GCC_NO_COMMON_BLOCKS = YES;
				GCC_OPTIMIZATION_LEVEL = 0;
				GCC_PREPROCESSOR_DEFINITIONS = (
					"DEBUG=1",
					"$(inherited)",
				);
				GCC_WARN_64_TO_32_BIT_CONVERSION = YES;
				GCC_WARN_ABOUT_RETURN_TYPE = YES_ERROR;
				GCC_WARN_UNDECLARED_SELECTOR = YES;
				GCC_WARN_UNINITIALIZED_AUTOS = YES_AGGRESSIVE;
				GCC_WARN_UNUSED_FUNCTION = YES;
				GCC_WARN_UNUSED_VARIABLE = YES;
				IPHONEOS_DEPLOYMENT_TARGET = 12.2;
				MTL_ENABLE_DEBUG_INFO = INCLUDE_SOURCE;
				MTL_FAST_MATH = YES;
				ONLY_ACTIVE_ARCH = YES;
				SDKROOT = iphoneos;
				SWIFT_ACTIVE_COMPILATION_CONDITIONS = DEBUG;
				SWIFT_OPTIMIZATION_LEVEL = "-Onone";
			};
			name = Debug;
		};
		D6609CE42297826100045971 /* Release */ = {
			isa = XCBuildConfiguration;
			buildSettings = {
				ALWAYS_SEARCH_USER_PATHS = NO;
				CLANG_ANALYZER_NONNULL = YES;
				CLANG_ANALYZER_NUMBER_OBJECT_CONVERSION = YES_AGGRESSIVE;
				CLANG_CXX_LANGUAGE_STANDARD = "gnu++14";
				CLANG_CXX_LIBRARY = "libc++";
				CLANG_ENABLE_MODULES = YES;
				CLANG_ENABLE_OBJC_ARC = YES;
				CLANG_ENABLE_OBJC_WEAK = YES;
				CLANG_WARN_BLOCK_CAPTURE_AUTORELEASING = YES;
				CLANG_WARN_BOOL_CONVERSION = YES;
				CLANG_WARN_COMMA = YES;
				CLANG_WARN_CONSTANT_CONVERSION = YES;
				CLANG_WARN_DEPRECATED_OBJC_IMPLEMENTATIONS = YES;
				CLANG_WARN_DIRECT_OBJC_ISA_USAGE = YES_ERROR;
				CLANG_WARN_DOCUMENTATION_COMMENTS = YES;
				CLANG_WARN_EMPTY_BODY = YES;
				CLANG_WARN_ENUM_CONVERSION = YES;
				CLANG_WARN_INFINITE_RECURSION = YES;
				CLANG_WARN_INT_CONVERSION = YES;
				CLANG_WARN_NON_LITERAL_NULL_CONVERSION = YES;
				CLANG_WARN_OBJC_IMPLICIT_RETAIN_SELF = YES;
				CLANG_WARN_OBJC_LITERAL_CONVERSION = YES;
				CLANG_WARN_OBJC_ROOT_CLASS = YES_ERROR;
				CLANG_WARN_RANGE_LOOP_ANALYSIS = YES;
				CLANG_WARN_STRICT_PROTOTYPES = YES;
				CLANG_WARN_SUSPICIOUS_MOVE = YES;
				CLANG_WARN_UNGUARDED_AVAILABILITY = YES_AGGRESSIVE;
				CLANG_WARN_UNREACHABLE_CODE = YES;
				CLANG_WARN__DUPLICATE_METHOD_MATCH = YES;
				CODE_SIGN_IDENTITY = "iPhone Developer";
				COPY_PHASE_STRIP = NO;
				DEBUG_INFORMATION_FORMAT = "dwarf-with-dsym";
				ENABLE_NS_ASSERTIONS = NO;
				ENABLE_STRICT_OBJC_MSGSEND = YES;
				GCC_C_LANGUAGE_STANDARD = gnu11;
				GCC_NO_COMMON_BLOCKS = YES;
				GCC_WARN_64_TO_32_BIT_CONVERSION = YES;
				GCC_WARN_ABOUT_RETURN_TYPE = YES_ERROR;
				GCC_WARN_UNDECLARED_SELECTOR = YES;
				GCC_WARN_UNINITIALIZED_AUTOS = YES_AGGRESSIVE;
				GCC_WARN_UNUSED_FUNCTION = YES;
				GCC_WARN_UNUSED_VARIABLE = YES;
				IPHONEOS_DEPLOYMENT_TARGET = 12.2;
				MTL_ENABLE_DEBUG_INFO = NO;
				MTL_FAST_MATH = YES;
				SDKROOT = iphoneos;
				SWIFT_COMPILATION_MODE = wholemodule;
				SWIFT_OPTIMIZATION_LEVEL = "-O";
				VALIDATE_PRODUCT = YES;
			};
			name = Release;
		};
		D6609CE62297826100045971 /* Debug */ = {
			isa = XCBuildConfiguration;
			buildSettings = {
				ASSETCATALOG_COMPILER_APPICON_NAME = AppIcon;
				CODE_SIGN_STYLE = Automatic;
				DEVELOPMENT_TEAM = 3XVDLP5XYQ;
				INFOPLIST_FILE = "$(SRCROOT)/StarWarsSearch/Resources/Info.plist";
				LD_RUNPATH_SEARCH_PATHS = (
					"$(inherited)",
					"@executable_path/Frameworks",
				);
				PRODUCT_BUNDLE_IDENTIFIER = com.michaelstoffer.StarWarsSearch;
				PRODUCT_NAME = "$(TARGET_NAME)";
				SWIFT_VERSION = 5.0;
				TARGETED_DEVICE_FAMILY = "1,2";
			};
			name = Debug;
		};
		D6609CE72297826100045971 /* Release */ = {
			isa = XCBuildConfiguration;
			buildSettings = {
				ASSETCATALOG_COMPILER_APPICON_NAME = AppIcon;
				CODE_SIGN_STYLE = Automatic;
				DEVELOPMENT_TEAM = 3XVDLP5XYQ;
				INFOPLIST_FILE = "$(SRCROOT)/StarWarsSearch/Resources/Info.plist";
				LD_RUNPATH_SEARCH_PATHS = (
					"$(inherited)",
					"@executable_path/Frameworks",
				);
				PRODUCT_BUNDLE_IDENTIFIER = com.michaelstoffer.StarWarsSearch;
				PRODUCT_NAME = "$(TARGET_NAME)";
				SWIFT_VERSION = 5.0;
				TARGETED_DEVICE_FAMILY = "1,2";
			};
			name = Release;
		};
/* End XCBuildConfiguration section */

/* Begin XCConfigurationList section */
		D6609CCE2297826000045971 /* Build configuration list for PBXProject "StarWarsSearch" */ = {
			isa = XCConfigurationList;
			buildConfigurations = (
				D6609CE32297826100045971 /* Debug */,
				D6609CE42297826100045971 /* Release */,
			);
			defaultConfigurationIsVisible = 0;
			defaultConfigurationName = Release;
		};
		D6609CE52297826100045971 /* Build configuration list for PBXNativeTarget "StarWarsSearch" */ = {
			isa = XCConfigurationList;
			buildConfigurations = (
				D6609CE62297826100045971 /* Debug */,
				D6609CE72297826100045971 /* Release */,
			);
			defaultConfigurationIsVisible = 0;
			defaultConfigurationName = Release;
		};
/* End XCConfigurationList section */
	};
	rootObject = D6609CCB2297826000045971 /* Project object */;
}
